
Microsoft Visual Studio Solution File, Format Version 12.00
# Visual Studio Version 17
VisualStudioVersion = 17.0.32014.148
MinimumVisualStudioVersion = 10.0.40219.1
Project("{2150E333-8FDC-42A3-9474-1A3956D46DE8}") = "Model", "Model", "{9B0C285D-A0D3-4B21-BF10-D94DF5C0CE56}"
EndProject
Project("{FAE04EC0-301F-11D3-BF4B-00C04F79EFBC}") = "Win_Dev.Business", "Model\Win_Dev.Business\Win_Dev.Business.csproj", "{FE7AE203-0157-412A-9E15-3A68C5C661A4}"
EndProject
Project("{FAE04EC0-301F-11D3-BF4B-00C04F79EFBC}") = "Win_Dev.Assets", "UI\Win_Dev.Assets\Win_Dev.Assets.csproj", "{A4D721D0-EA0C-4622-8A52-640E0D2D5C54}"
EndProject
Project("{FAE04EC0-301F-11D3-BF4B-00C04F79EFBC}") = "Win_Dev.UI", "Win_Dev.UI\Win_Dev.UI.csproj", "{6B6A099D-93EB-4C96-869E-0DC0E0A46BE7}"
EndProject
Project("{FAE04EC0-301F-11D3-BF4B-00C04F79EFBC}") = "Win_Dev.Data", "Model\Win_Dev.Data\Win_Dev.Data.csproj", "{AEDC2581-B0F0-49C5-A03C-5BF9B69A7CE7}"
EndProject
Global
	GlobalSection(SolutionConfigurationPlatforms) = preSolution
		Debug|Any CPU = Debug|Any CPU
		Release|Any CPU = Release|Any CPU
	EndGlobalSection
	GlobalSection(ProjectConfigurationPlatforms) = postSolution
		{FE7AE203-0157-412A-9E15-3A68C5C661A4}.Debug|Any CPU.ActiveCfg = Debug|Any CPU
		{FE7AE203-0157-412A-9E15-3A68C5C661A4}.Debug|Any CPU.Build.0 = Debug|Any CPU
		{FE7AE203-0157-412A-9E15-3A68C5C661A4}.Release|Any CPU.ActiveCfg = Release|Any CPU
		{FE7AE203-0157-412A-9E15-3A68C5C661A4}.Release|Any CPU.Build.0 = Release|Any CPU
		{A4D721D0-EA0C-4622-8A52-640E0D2D5C54}.Debug|Any CPU.ActiveCfg = Debug|Any CPU
		{A4D721D0-EA0C-4622-8A52-640E0D2D5C54}.Debug|Any CPU.Build.0 = Debug|Any CPU
		{A4D721D0-EA0C-4622-8A52-640E0D2D5C54}.Release|Any CPU.ActiveCfg = Release|Any CPU
		{A4D721D0-EA0C-4622-8A52-640E0D2D5C54}.Release|Any CPU.Build.0 = Release|Any CPU
		{6B6A099D-93EB-4C96-869E-0DC0E0A46BE7}.Debug|Any CPU.ActiveCfg = Debug|Any CPU
		{6B6A099D-93EB-4C96-869E-0DC0E0A46BE7}.Debug|Any CPU.Build.0 = Debug|Any CPU
		{6B6A099D-93EB-4C96-869E-0DC0E0A46BE7}.Release|Any CPU.ActiveCfg = Release|Any CPU
		{6B6A099D-93EB-4C96-869E-0DC0E0A46BE7}.Release|Any CPU.Build.0 = Release|Any CPU
		{AEDC2581-B0F0-49C5-A03C-5BF9B69A7CE7}.Debug|Any CPU.ActiveCfg = Debug|Any CPU
		{AEDC2581-B0F0-49C5-A03C-5BF9B69A7CE7}.Debug|Any CPU.Build.0 = Debug|Any CPU
		{AEDC2581-B0F0-49C5-A03C-5BF9B69A7CE7}.Release|Any CPU.ActiveCfg = Release|Any CPU
		{AEDC2581-B0F0-49C5-A03C-5BF9B69A7CE7}.Release|Any CPU.Build.0 = Release|Any CPU
	EndGlobalSection
	GlobalSection(SolutionProperties) = preSolution
		HideSolutionNode = FALSE
	EndGlobalSection
	GlobalSection(NestedProjects) = preSolution
		{FE7AE203-0157-412A-9E15-3A68C5C661A4} = {9B0C285D-A0D3-4B21-BF10-D94DF5C0CE56}
		{AEDC2581-B0F0-49C5-A03C-5BF9B69A7CE7} = {9B0C285D-A0D3-4B21-BF10-D94DF5C0CE56}
	EndGlobalSection
	GlobalSection(ExtensibilityGlobals) = postSolution
		SolutionGuid = {96F8E3B9-17D8-4245-BC88-1227B9645852}
	EndGlobalSection
EndGlobal
